<Solution>
  <Folder Name="/Solution Items/">
    <File Path=".gitignore" />
  </Folder>
  <Folder Name="/src/" />
  <Folder Name="/src/services/" />
  <Folder Name="/src/services/InventoryService/">
    <Project Path="src/services/InventoryService/InventoryService.Application/InventoryService.Application.csproj" Id="4eaa7eb6-1f05-4eb7-8a58-cf9ee383b52e" />
    <Project Path="src/services/InventoryService/InventoryService.Domain/InventoryService.Domain.csproj" Id="fc535415-db0a-4cc0-b7cd-bc7db4c22846" />
    <Project Path="src/services/InventoryService/InventoryService.Infrastructure/InventoryService.Infrastructure.csproj" Id="ed95af00-e133-400b-9663-e4c6936e0b7f" />
    <Project Path="src/services/InventoryService/InventoryService.Presentation/InventoryService.Presentation.csproj" Id="071c50f0-a8db-4592-870b-eb6a1f044809" />
  </Folder>
  <Folder Name="/src/services/OrderService/">
    <Project Path="src/services/OrderService/OrderService.Application/OrderService.Application.csproj" Id="f3967d4c-d15f-49ea-b929-0b56510bf2dc" />
    <Project Path="src/services/OrderService/OrderService.Domain/OrderService.Domain.csproj" Id="3a215597-8d9e-44c5-a1ec-72e7a6c60083" />
    <Project Path="src/services/OrderService/OrderService.Infrastructure/OrderService.Infrastructure.csproj" Id="41440155-1520-492e-bd04-b0cf83527e32" />
    <Project Path="src/services/OrderService/OrderService.Presentation/OrderService.Presentation.csproj" Id="322693f0-9ac4-4ae9-b42f-373a35018067" />
  </Folder>
  <Folder Name="/src/services/ProductService/">
    <Project Path="src/services/ProductService/ProductService.Application/ProductService.Application.csproj" Id="4cf349aa-7251-49b3-93e8-4c9b73268dc3" />
    <Project Path="src/services/ProductService/ProductService.Domain/ProductService.Domain.csproj" Id="572c268f-f8b0-4393-955b-f9914934fdf5" />
    <Project Path="src/services/ProductService/ProductService.Infrastructure/ProductService.Infrastructure.csproj" Id="9e98c1f9-08ab-4353-9c74-989a43028914" />
    <Project Path="src/services/ProductService/ProductService.Presentation/ProductService.Presentation.csproj" Id="092d96d4-4978-4fa8-a1f7-db6c8cdeec5d" />
  </Folder>
  <Folder Name="/src/services/SupplierService/">
    <Project Path="src/services/SupplierService/SupplierService.Application/SupplierService.Application.csproj" Id="317b3b87-532e-4122-8812-ac0204c2c450" />
    <Project Path="src/services/SupplierService/SupplierService.Domain/SupplierService.Domain.csproj" Id="a08ebe6d-124d-480f-89ac-fdb0c605a98b" />
    <Project Path="src/services/SupplierService/SupplierService.Infrastructure/SupplierService.Infrastructure.csproj" Id="b1f0da52-78f2-42e6-bb70-2955b4a406a2" />
    <Project Path="src/services/SupplierService/SupplierService.Presentation/SupplierService.Presentation.csproj" Id="6b1ebc02-41af-4394-82fa-523412c7e112" />
  </Folder>
  <Folder Name="/src/shared/">
    <Project Path="D:/Inventory_Management/InvenTrack/shared/Shared.Common/Shared.Common.csproj" Id="d196165a-3e1b-4906-8fb5-5f25a294907b" />
  </Folder>
</Solution>
